
Microsoft Visual Studio Solution File, Format Version 12.00
# Visual Studio Version 16
VisualStudioVersion = 16.0.33423.256
MinimumVisualStudioVersion = 10.0.40219.1
Project("{FAE04EC0-301F-11D3-BF4B-00C04F79EFBC}") = "dz_3.04", "dz_3.04\dz_3.04.csproj", "{DE374544-59AD-4C26-90C1-98287B99BDE0}"
EndProject
Global
	GlobalSection(SolutionConfigurationPlatforms) = preSolution
		Debug|Any CPU = Debug|Any CPU
		Release|Any CPU = Release|Any CPU
	EndGlobalSection
	GlobalSection(ProjectConfigurationPlatforms) = postSolution
		{DE374544-59AD-4C26-90C1-98287B99BDE0}.Debug|Any CPU.ActiveCfg = Debug|Any CPU
		{DE374544-59AD-4C26-90C1-98287B99BDE0}.Debug|Any CPU.Build.0 = Debug|Any CPU
		{DE374544-59AD-4C26-90C1-98287B99BDE0}.Release|Any CPU.ActiveCfg = Release|Any CPU
		{DE374544-59AD-4C26-90C1-98287B99BDE0}.Release|Any CPU.Build.0 = Release|Any CPU
	EndGlobalSection
	GlobalSection(SolutionProperties) = preSolution
		HideSolutionNode = FALSE
	EndGlobalSection
	GlobalSection(ExtensibilityGlobals) = postSolution
		SolutionGuid = {7F4D5D31-8BFB-49D9-A1B1-DD3D3C6F1AC0}
	EndGlobalSection
EndGlobal
